{
  "name": "secret_chats",
  "version": "1.0.0",
  "lockfileVersion": 3,
  "requires": true,
  "packages": {
    "": {
      "name": "secret_chats",
      "version": "1.0.0",
      "license": "ISC",
      "dependencies": {
        "secret_chats": "file:"
      }
    },
    "node_modules/secret_chats": {
      "resolved": "",
      "link": true
    }
  }
}
